# This file is automatically @generated by Cargo.
# It is not intended for manual editing.
version = 3

[[package]]
name = "codegen"
version = "0.1.0"
dependencies = [
 "data",
 "parser",
 "tokenizer",
 "util",
]

[[package]]
name = "data"
version = "0.1.0"
dependencies = [
 "util",
]

[[package]]
name = "mnasm"
version = "0.1.0"
dependencies = [
 "codegen",
 "data",
 "parser",
 "tokenizer",
 "util",
]

[[package]]
name = "parser"
version = "0.1.0"
dependencies = [
 "data",
 "tokenizer",
 "util",
]

[[package]]
name = "tokenizer"
version = "0.1.0"
dependencies = [
 "util",
]

[[package]]
name = "util"
version = "0.1.0"
